
Microsoft Visual Studio Solution File, Format Version 12.00
# Visual Studio 15
VisualStudioVersion = 15.0.28307.539
MinimumVisualStudioVersion = 10.0.40219.1
Project("{FAE04EC0-301F-11D3-BF4B-00C04F79EFBC}") = "RestAPI", "RestAPI\RestAPI.csproj", "{2055EEA2-16ED-4811-84A2-ACEF6D73912D}"
EndProject
Global
	GlobalSection(SolutionConfigurationPlatforms) = preSolution
		Debug|Any CPU = Debug|Any CPU
		Release|Any CPU = Release|Any CPU
	EndGlobalSection
	GlobalSection(ProjectConfigurationPlatforms) = postSolution
		{2055EEA2-16ED-4811-84A2-ACEF6D73912D}.Debug|Any CPU.ActiveCfg = Debug|Any CPU
		{2055EEA2-16ED-4811-84A2-ACEF6D73912D}.Debug|Any CPU.Build.0 = Debug|Any CPU
		{2055EEA2-16ED-4811-84A2-ACEF6D73912D}.Release|Any CPU.ActiveCfg = Release|Any CPU
		{2055EEA2-16ED-4811-84A2-ACEF6D73912D}.Release|Any CPU.Build.0 = Release|Any CPU
	EndGlobalSection
	GlobalSection(SolutionProperties) = preSolution
		HideSolutionNode = FALSE
	EndGlobalSection
	GlobalSection(ExtensibilityGlobals) = postSolution
		SolutionGuid = {C9D77FBD-30E0-484A-891A-93C2EFE89EE8}
	EndGlobalSection
EndGlobal
